
Microsoft Visual Studio Solution File, Format Version 12.00
# Visual Studio Version 17
VisualStudioVersion = 17.8.34408.163
MinimumVisualStudioVersion = 10.0.40219.1
Project("{FAE04EC0-301F-11D3-BF4B-00C04F79EFBC}") = "2212484_BTVN", "2212484_BTVN\2212484_BTVN.csproj", "{F31893F6-D642-4AE3-AEBC-70D9BAC5C94F}"
EndProject
Global
	GlobalSection(SolutionConfigurationPlatforms) = preSolution
		Debug|Any CPU = Debug|Any CPU
		Release|Any CPU = Release|Any CPU
	EndGlobalSection
	GlobalSection(ProjectConfigurationPlatforms) = postSolution
		{F31893F6-D642-4AE3-AEBC-70D9BAC5C94F}.Debug|Any CPU.ActiveCfg = Debug|Any CPU
		{F31893F6-D642-4AE3-AEBC-70D9BAC5C94F}.Debug|Any CPU.Build.0 = Debug|Any CPU
		{F31893F6-D642-4AE3-AEBC-70D9BAC5C94F}.Release|Any CPU.ActiveCfg = Release|Any CPU
		{F31893F6-D642-4AE3-AEBC-70D9BAC5C94F}.Release|Any CPU.Build.0 = Release|Any CPU
	EndGlobalSection
	GlobalSection(SolutionProperties) = preSolution
		HideSolutionNode = FALSE
	EndGlobalSection
	GlobalSection(ExtensibilityGlobals) = postSolution
		SolutionGuid = {B3DF6AA4-EBC4-400A-ACF4-EACA341706CF}
	EndGlobalSection
EndGlobal
